
Microsoft Visual Studio Solution File, Format Version 12.00
# Visual Studio Version 17
VisualStudioVersion = 17.5.33530.505
MinimumVisualStudioVersion = 10.0.40219.1
Project("{FAE04EC0-301F-11D3-BF4B-00C04F79EFBC}") = "NBA Players", "NBA Players\NBA Players.csproj", "{1AC65758-6247-42F2-AE62-E6F96B610F4C}"
EndProject
Global
	GlobalSection(SolutionConfigurationPlatforms) = preSolution
		Debug|Any CPU = Debug|Any CPU
		Release|Any CPU = Release|Any CPU
	EndGlobalSection
	GlobalSection(ProjectConfigurationPlatforms) = postSolution
		{1AC65758-6247-42F2-AE62-E6F96B610F4C}.Debug|Any CPU.ActiveCfg = Debug|Any CPU
		{1AC65758-6247-42F2-AE62-E6F96B610F4C}.Debug|Any CPU.Build.0 = Debug|Any CPU
		{1AC65758-6247-42F2-AE62-E6F96B610F4C}.Release|Any CPU.ActiveCfg = Release|Any CPU
		{1AC65758-6247-42F2-AE62-E6F96B610F4C}.Release|Any CPU.Build.0 = Release|Any CPU
	EndGlobalSection
	GlobalSection(SolutionProperties) = preSolution
		HideSolutionNode = FALSE
	EndGlobalSection
	GlobalSection(ExtensibilityGlobals) = postSolution
		SolutionGuid = {EED58931-5F3D-4466-8473-92DB68DDA938}
	EndGlobalSection
EndGlobal
